github.com/hugo-fixit/FixIt v0.3.13 h1:LTscHDkzrbTsH4CqeWjyPhobOkFKVRw3yMsKrjjB/C0=
github.com/hugo-fixit/FixIt v0.3.13/go.mod h1:3XIRedrqakO7/a4ZnhE46haMRF8HgsT0N0B5j5D2iRU=
github.com/hugo-fixit/component-projects v1.4.0 h1:Z9q+aY/ZBD4qcqcnPWNlGc/c7HDYu+5hj996TCTpRw0=
github.com/hugo-fixit/component-projects v1.4.0/go.mod h1:nXW0R37REwpfwUD1I4RtB5QW71vw66nRyB9uEpYxr+c=
github.com/hugo-fixit/shortcode-mmt-netease v1.1.1 h1:ipXnqQ2mV57kEQ5CnslcVRQE3kOCZIsNVH+Uu2gMVaU=
github.com/hugo-fixit/shortcode-mmt-netease v1.1.1/go.mod h1:uCRIQhOWONAycwsepEcQ+9ePRAeCQuxoCSWfctH1DI8=
github.com/hugo-fixit/shortcode-rewards v1.0.4 h1:62qCmcGvAJf+qa+8ofRX6jwMUXo6Q4+PQvlOtu0ZGBA=
github.com/hugo-fixit/shortcode-rewards v1.0.4/go.mod h1:+PA7wjtBgkQsI8s8bPOMJ6bNNfExUIWz4AxTearzZgw=
